# This file is generated by running "yarn install" inside your project.
# Manual changes might be lost - proceed with caution!

__metadata:
  version: 8
  cacheKey: 10c0

"@turbo/darwin-64@npm:2.8.20":
  version: 2.8.20
  resolution: "@turbo/darwin-64@npm:2.8.20"
  conditions: os=darwin & cpu=x64
  languageName: node
  linkType: hard

"@turbo/darwin-arm64@npm:2.8.20":
  version: 2.8.20
  resolution: "@turbo/darwin-arm64@npm:2.8.20"
  conditions: os=darwin & cpu=arm64
  languageName: node
  linkType: hard

"@turbo/linux-64@npm:2.8.20":
  version: 2.8.20
  resolution: "@turbo/linux-64@npm:2.8.20"
  conditions: os=linux & cpu=x64
  languageName: node
  linkType: hard

"@turbo/linux-arm64@npm:2.8.20":
  version: 2.8.20
  resolution: "@turbo/linux-arm64@npm:2.8.20"
  conditions: os=linux & cpu=arm64
  languageName: node
  linkType: hard

"@turbo/windows-64@npm:2.8.20":
  version: 2.8.20
  resolution: "@turbo/windows-64@npm:2.8.20"
  conditions: os=win32 & cpu=x64
  languageName: node
  linkType: hard

"@turbo/windows-arm64@npm:2.8.20":
  version: 2.8.20
  resolution: "@turbo/windows-arm64@npm:2.8.20"
  conditions: os=win32 & cpu=arm64
  languageName: node
  linkType: hard

"tiktok-clone@workspace:.":
  version: 0.0.0-use.local
  resolution: "tiktok-clone@workspace:."
  dependencies:
    turbo: "npm:^2.8.20"
  languageName: unknown
  linkType: soft

"turbo@npm:^2.8.20":
  version: 2.8.20
  resolution: "turbo@npm:2.8.20"
  dependencies:
    "@turbo/darwin-64": "npm:2.8.20"
    "@turbo/darwin-arm64": "npm:2.8.20"
    "@turbo/linux-64": "npm:2.8.20"
    "@turbo/linux-arm64": "npm:2.8.20"
    "@turbo/windows-64": "npm:2.8.20"
    "@turbo/windows-arm64": "npm:2.8.20"
  dependenciesMeta:
    "@turbo/darwin-64":
      optional: true
    "@turbo/darwin-arm64":
      optional: true
    "@turbo/linux-64":
      optional: true
    "@turbo/linux-arm64":
      optional: true
    "@turbo/windows-64":
      optional: true
    "@turbo/windows-arm64":
      optional: true
  bin:
    turbo: bin/turbo
  checksum: 10c0/a102bd30067c040240719c831e2ae2d5d9c5994b7028f75445339d4b3cf2e334e93ebbd05669871e22f41af8acb4f26268df5099a8a6d1f5b297dac02023bc8e
  languageName: node
  linkType: hard
